
Microsoft Visual Studio Solution File, Format Version 12.00
# Visual Studio 15
VisualStudioVersion = 15.0.28307.168
MinimumVisualStudioVersion = 10.0.40219.1
Project("{FAE04EC0-301F-11D3-BF4B-00C04F79EFBC}") = "TailorShopWebApp", "TailorShopWebApp\TailorShopWebApp.csproj", "{0AD94996-4EE6-45AE-8AE8-243AFE36FBBE}"
EndProject
Project("{FAE04EC0-301F-11D3-BF4B-00C04F79EFBC}") = "TailorShopWebApi", "TailorShopWebApi\TailorShopWebApi.csproj", "{13B24D7A-4044-4EFE-9D02-025C2C2B2FC9}"
EndProject
Global
	GlobalSection(SolutionConfigurationPlatforms) = preSolution
		Debug|Any CPU = Debug|Any CPU
		Release|Any CPU = Release|Any CPU
	EndGlobalSection
	GlobalSection(ProjectConfigurationPlatforms) = postSolution
		{0AD94996-4EE6-45AE-8AE8-243AFE36FBBE}.Debug|Any CPU.ActiveCfg = Debug|Any CPU
		{0AD94996-4EE6-45AE-8AE8-243AFE36FBBE}.Debug|Any CPU.Build.0 = Debug|Any CPU
		{0AD94996-4EE6-45AE-8AE8-243AFE36FBBE}.Release|Any CPU.ActiveCfg = Release|Any CPU
		{0AD94996-4EE6-45AE-8AE8-243AFE36FBBE}.Release|Any CPU.Build.0 = Release|Any CPU
		{13B24D7A-4044-4EFE-9D02-025C2C2B2FC9}.Debug|Any CPU.ActiveCfg = Debug|Any CPU
		{13B24D7A-4044-4EFE-9D02-025C2C2B2FC9}.Debug|Any CPU.Build.0 = Debug|Any CPU
		{13B24D7A-4044-4EFE-9D02-025C2C2B2FC9}.Release|Any CPU.ActiveCfg = Release|Any CPU
		{13B24D7A-4044-4EFE-9D02-025C2C2B2FC9}.Release|Any CPU.Build.0 = Release|Any CPU
	EndGlobalSection
	GlobalSection(SolutionProperties) = preSolution
		HideSolutionNode = FALSE
	EndGlobalSection
	GlobalSection(ExtensibilityGlobals) = postSolution
		SolutionGuid = {A9D9A461-06D8-4253-818B-E635CD41F04C}
	EndGlobalSection
EndGlobal
